github.com/golang-infrastructure/go-compare-anything v0.0.0-20221202025648-89705cd5fd98 h1:1ummQI9CbcQuTTFttRahzUrMhWWsvOdfldI5DDC0TvA=
github.com/golang-infrastructure/go-compare-anything v0.0.0-20221202025648-89705cd5fd98/go.mod h1:OYvNtodtinMIlfeaQGDoaO9ay6KFccuvYKGWuCgPsHg=
github.com/golang-infrastructure/go-gtypes v0.0.1 h1:hnM1OYSwLPLGkZ4C6ecAxgmAUaPTjnhnUtRNmJj4p6c=
github.com/golang-infrastructure/go-gtypes v0.0.1/go.mod h1:vFMCxFzxdMInvTtgLZRlWI1rS+mui88sMbL5I+zu1hg=
github.com/golang-infrastructure/go-heap v0.0.2 h1:o3u5Wr8W/MO2PjtczBOEwb7HdUgK5zV12aAdp7T28IA=
github.com/golang-infrastructure/go-heap v0.0.2/go.mod h1:crBY8pM89fprjRYrEGalpJ7xEzhD+XtxiFAuF9JnCuM=
